
Microsoft Visual Studio Solution File, Format Version 12.00
# Visual Studio Version 17
VisualStudioVersion = 17.6.33815.320
MinimumVisualStudioVersion = 10.0.40219.1
Project("{2150E333-8FDC-42A3-9474-1A3956D46DE8}") = "Services", "Services", "{555CE2EF-E7FC-48A0-9040-63F74E4ABB71}"
EndProject
Project("{2150E333-8FDC-42A3-9474-1A3956D46DE8}") = "Catalog", "Catalog", "{84777E81-48C2-40E6-9DE4-52337ED4275B}"
EndProject
Project("{9A19103F-16F7-4668-BE54-9A1E7A4F7556}") = "Catalog.Api", "Src\Services\Catalog\Catalog.Api\Catalog.Api.csproj", "{0F797879-992D-4F86-8F59-45B1E18DA3C1}"
EndProject
Project("{2150E333-8FDC-42A3-9474-1A3956D46DE8}") = "Cart", "Cart", "{FD898309-8C18-4EF5-84EE-B9168FDF2C31}"
EndProject
Project("{9A19103F-16F7-4668-BE54-9A1E7A4F7556}") = "Cart.Api", "Src\Services\Cart\Cart.Api\Cart.Api.csproj", "{97AA5DF3-77BD-4F3F-BDA3-B4DF91645F16}"
EndProject
Project("{2150E333-8FDC-42A3-9474-1A3956D46DE8}") = "Orders", "Orders", "{D22FC5A5-909C-4187-A52D-2CF5961986DF}"
EndProject
Project("{9A19103F-16F7-4668-BE54-9A1E7A4F7556}") = "Orders.Api", "Src\Services\Orders\Orders.Api\Orders.Api.csproj", "{78058424-8AF0-4FA6-A3E1-A22B4DC24B4C}"
EndProject
Project("{2150E333-8FDC-42A3-9474-1A3956D46DE8}") = "View", "View", "{9E1AA586-CF04-40DC-9625-A2FB66B53B40}"
EndProject
Project("{9A19103F-16F7-4668-BE54-9A1E7A4F7556}") = "MicroShop.View", "Src\View\MicroShop.View\MicroShop.View.csproj", "{EC6BDE51-B2D1-434D-9E89-8A03C10FA9B5}"
EndProject
Project("{2150E333-8FDC-42A3-9474-1A3956D46DE8}") = "Src", "Src", "{F663A909-27BD-4738-9DAB-839345A2EBD9}"
EndProject
Project("{2150E333-8FDC-42A3-9474-1A3956D46DE8}") = "ApiGateways", "ApiGateways", "{5B4B0092-8786-4D81-BD7B-5950FAEDE7E4}"
EndProject
Project("{2150E333-8FDC-42A3-9474-1A3956D46DE8}") = "BuildingBlocks", "BuildingBlocks", "{46409A23-E090-4861-AB02-6180AA2E312B}"
EndProject
Project("{9A19103F-16F7-4668-BE54-9A1E7A4F7556}") = "EventBus.Core", "Src\BuildingBlocks\EventBus.Core\EventBus.Core.csproj", "{859F541C-3241-4EB7-9623-A710A91EAA50}"
EndProject
Project("{9A19103F-16F7-4668-BE54-9A1E7A4F7556}") = "EventBus.RabbitMq", "Src\BuildingBlocks\EventBus.RabbitMq\EventBus.RabbitMq.csproj", "{8062486F-2CEC-4C1A-87A7-8480E9C609D2}"
EndProject
Project("{9A19103F-16F7-4668-BE54-9A1E7A4F7556}") = "ApiGateway", "Src\ApiGateways\ApiGateway\ApiGateway.csproj", "{83A592EF-A444-4B5A-BD89-8A8AF7B01DC7}"
EndProject
Project("{2150E333-8FDC-42A3-9474-1A3956D46DE8}") = "Identity", "Identity", "{D603873C-C352-4E43-BC46-DE4396DF94C0}"
EndProject
Project("{9A19103F-16F7-4668-BE54-9A1E7A4F7556}") = "Identity.Api", "Src\Services\Identity\Identity.Api\Identity.Api.csproj", "{8138F9A7-CE0E-4698-85ED-3433558A0579}"
EndProject
Project("{FAE04EC0-301F-11D3-BF4B-00C04F79EFBC}") = "Catalog.Application", "Src\Services\Catalog\Catalog.Application\Catalog.Application.csproj", "{57CCB04F-023E-4BAB-8D46-428733C7233D}"
EndProject
Project("{FAE04EC0-301F-11D3-BF4B-00C04F79EFBC}") = "Catalog.Domain", "Src\Services\Catalog\Catalog.Domain\Catalog.Domain.csproj", "{9A69B1D3-C152-47B0-8D40-909FBE9E6FE6}"
EndProject
Global
	GlobalSection(SolutionConfigurationPlatforms) = preSolution
		Debug|Any CPU = Debug|Any CPU
		Release|Any CPU = Release|Any CPU
	EndGlobalSection
	GlobalSection(ProjectConfigurationPlatforms) = postSolution
		{0F797879-992D-4F86-8F59-45B1E18DA3C1}.Debug|Any CPU.ActiveCfg = Debug|Any CPU
		{0F797879-992D-4F86-8F59-45B1E18DA3C1}.Debug|Any CPU.Build.0 = Debug|Any CPU
		{0F797879-992D-4F86-8F59-45B1E18DA3C1}.Release|Any CPU.ActiveCfg = Release|Any CPU
		{0F797879-992D-4F86-8F59-45B1E18DA3C1}.Release|Any CPU.Build.0 = Release|Any CPU
		{97AA5DF3-77BD-4F3F-BDA3-B4DF91645F16}.Debug|Any CPU.ActiveCfg = Debug|Any CPU
		{97AA5DF3-77BD-4F3F-BDA3-B4DF91645F16}.Debug|Any CPU.Build.0 = Debug|Any CPU
		{97AA5DF3-77BD-4F3F-BDA3-B4DF91645F16}.Release|Any CPU.ActiveCfg = Release|Any CPU
		{97AA5DF3-77BD-4F3F-BDA3-B4DF91645F16}.Release|Any CPU.Build.0 = Release|Any CPU
		{78058424-8AF0-4FA6-A3E1-A22B4DC24B4C}.Debug|Any CPU.ActiveCfg = Debug|Any CPU
		{78058424-8AF0-4FA6-A3E1-A22B4DC24B4C}.Debug|Any CPU.Build.0 = Debug|Any CPU
		{78058424-8AF0-4FA6-A3E1-A22B4DC24B4C}.Release|Any CPU.ActiveCfg = Release|Any CPU
		{78058424-8AF0-4FA6-A3E1-A22B4DC24B4C}.Release|Any CPU.Build.0 = Release|Any CPU
		{EC6BDE51-B2D1-434D-9E89-8A03C10FA9B5}.Debug|Any CPU.ActiveCfg = Debug|Any CPU
		{EC6BDE51-B2D1-434D-9E89-8A03C10FA9B5}.Debug|Any CPU.Build.0 = Debug|Any CPU
		{EC6BDE51-B2D1-434D-9E89-8A03C10FA9B5}.Release|Any CPU.ActiveCfg = Release|Any CPU
		{EC6BDE51-B2D1-434D-9E89-8A03C10FA9B5}.Release|Any CPU.Build.0 = Release|Any CPU
		{859F541C-3241-4EB7-9623-A710A91EAA50}.Debug|Any CPU.ActiveCfg = Debug|Any CPU
		{859F541C-3241-4EB7-9623-A710A91EAA50}.Debug|Any CPU.Build.0 = Debug|Any CPU
		{859F541C-3241-4EB7-9623-A710A91EAA50}.Release|Any CPU.ActiveCfg = Release|Any CPU
		{859F541C-3241-4EB7-9623-A710A91EAA50}.Release|Any CPU.Build.0 = Release|Any CPU
		{8062486F-2CEC-4C1A-87A7-8480E9C609D2}.Debug|Any CPU.ActiveCfg = Debug|Any CPU
		{8062486F-2CEC-4C1A-87A7-8480E9C609D2}.Debug|Any CPU.Build.0 = Debug|Any CPU
		{8062486F-2CEC-4C1A-87A7-8480E9C609D2}.Release|Any CPU.ActiveCfg = Release|Any CPU
		{8062486F-2CEC-4C1A-87A7-8480E9C609D2}.Release|Any CPU.Build.0 = Release|Any CPU
		{83A592EF-A444-4B5A-BD89-8A8AF7B01DC7}.Debug|Any CPU.ActiveCfg = Debug|Any CPU
		{83A592EF-A444-4B5A-BD89-8A8AF7B01DC7}.Debug|Any CPU.Build.0 = Debug|Any CPU
		{83A592EF-A444-4B5A-BD89-8A8AF7B01DC7}.Release|Any CPU.ActiveCfg = Release|Any CPU
		{83A592EF-A444-4B5A-BD89-8A8AF7B01DC7}.Release|Any CPU.Build.0 = Release|Any CPU
		{8138F9A7-CE0E-4698-85ED-3433558A0579}.Debug|Any CPU.ActiveCfg = Debug|Any CPU
		{8138F9A7-CE0E-4698-85ED-3433558A0579}.Debug|Any CPU.Build.0 = Debug|Any CPU
		{8138F9A7-CE0E-4698-85ED-3433558A0579}.Release|Any CPU.ActiveCfg = Release|Any CPU
		{8138F9A7-CE0E-4698-85ED-3433558A0579}.Release|Any CPU.Build.0 = Release|Any CPU
		{57CCB04F-023E-4BAB-8D46-428733C7233D}.Debug|Any CPU.ActiveCfg = Debug|Any CPU
		{57CCB04F-023E-4BAB-8D46-428733C7233D}.Debug|Any CPU.Build.0 = Debug|Any CPU
		{57CCB04F-023E-4BAB-8D46-428733C7233D}.Release|Any CPU.ActiveCfg = Release|Any CPU
		{57CCB04F-023E-4BAB-8D46-428733C7233D}.Release|Any CPU.Build.0 = Release|Any CPU
		{9A69B1D3-C152-47B0-8D40-909FBE9E6FE6}.Debug|Any CPU.ActiveCfg = Debug|Any CPU
		{9A69B1D3-C152-47B0-8D40-909FBE9E6FE6}.Debug|Any CPU.Build.0 = Debug|Any CPU
		{9A69B1D3-C152-47B0-8D40-909FBE9E6FE6}.Release|Any CPU.ActiveCfg = Release|Any CPU
		{9A69B1D3-C152-47B0-8D40-909FBE9E6FE6}.Release|Any CPU.Build.0 = Release|Any CPU
	EndGlobalSection
	GlobalSection(SolutionProperties) = preSolution
		HideSolutionNode = FALSE
	EndGlobalSection
	GlobalSection(NestedProjects) = preSolution
		{555CE2EF-E7FC-48A0-9040-63F74E4ABB71} = {F663A909-27BD-4738-9DAB-839345A2EBD9}
		{84777E81-48C2-40E6-9DE4-52337ED4275B} = {555CE2EF-E7FC-48A0-9040-63F74E4ABB71}
		{0F797879-992D-4F86-8F59-45B1E18DA3C1} = {84777E81-48C2-40E6-9DE4-52337ED4275B}
		{FD898309-8C18-4EF5-84EE-B9168FDF2C31} = {555CE2EF-E7FC-48A0-9040-63F74E4ABB71}
		{97AA5DF3-77BD-4F3F-BDA3-B4DF91645F16} = {FD898309-8C18-4EF5-84EE-B9168FDF2C31}
		{D22FC5A5-909C-4187-A52D-2CF5961986DF} = {555CE2EF-E7FC-48A0-9040-63F74E4ABB71}
		{78058424-8AF0-4FA6-A3E1-A22B4DC24B4C} = {D22FC5A5-909C-4187-A52D-2CF5961986DF}
		{9E1AA586-CF04-40DC-9625-A2FB66B53B40} = {F663A909-27BD-4738-9DAB-839345A2EBD9}
		{EC6BDE51-B2D1-434D-9E89-8A03C10FA9B5} = {9E1AA586-CF04-40DC-9625-A2FB66B53B40}
		{5B4B0092-8786-4D81-BD7B-5950FAEDE7E4} = {F663A909-27BD-4738-9DAB-839345A2EBD9}
		{46409A23-E090-4861-AB02-6180AA2E312B} = {F663A909-27BD-4738-9DAB-839345A2EBD9}
		{859F541C-3241-4EB7-9623-A710A91EAA50} = {46409A23-E090-4861-AB02-6180AA2E312B}
		{8062486F-2CEC-4C1A-87A7-8480E9C609D2} = {46409A23-E090-4861-AB02-6180AA2E312B}
		{83A592EF-A444-4B5A-BD89-8A8AF7B01DC7} = {5B4B0092-8786-4D81-BD7B-5950FAEDE7E4}
		{D603873C-C352-4E43-BC46-DE4396DF94C0} = {555CE2EF-E7FC-48A0-9040-63F74E4ABB71}
		{8138F9A7-CE0E-4698-85ED-3433558A0579} = {D603873C-C352-4E43-BC46-DE4396DF94C0}
		{57CCB04F-023E-4BAB-8D46-428733C7233D} = {84777E81-48C2-40E6-9DE4-52337ED4275B}
		{9A69B1D3-C152-47B0-8D40-909FBE9E6FE6} = {84777E81-48C2-40E6-9DE4-52337ED4275B}
	EndGlobalSection
	GlobalSection(ExtensibilityGlobals) = postSolution
		SolutionGuid = {997B5CC7-FA43-41A9-BF18-3EB443462F19}
	EndGlobalSection
EndGlobal
